
Microsoft Visual Studio Solution File, Format Version 12.00
# Visual Studio 14
VisualStudioVersion = 14.0.25420.1
MinimumVisualStudioVersion = 10.0.40219.1
Project("{FAE04EC0-301F-11D3-BF4B-00C04F79EFBC}") = "Tedu.Common", "Tedu.Common\Tedu.Common.csproj", "{9AAB6978-6C2A-485E-8B60-CFCE85DD1523}"
EndProject
Project("{FAE04EC0-301F-11D3-BF4B-00C04F79EFBC}") = "TeduShop.Model", "TeduShop.Model\TeduShop.Model.csproj", "{628F922A-19A2-4807-9104-F0353ADBC2AE}"
EndProject
Project("{FAE04EC0-301F-11D3-BF4B-00C04F79EFBC}") = "TedShop.Data", "TedShop.Data\TedShop.Data.csproj", "{72442930-B5B7-4D21-85D3-2A4297C753E1}"
EndProject
Project("{FAE04EC0-301F-11D3-BF4B-00C04F79EFBC}") = "TeduShop.Service", "TeduShop.Service\TeduShop.Service.csproj", "{9494C74E-AF6B-4E10-9954-015C4CE57C73}"
EndProject
Project("{FAE04EC0-301F-11D3-BF4B-00C04F79EFBC}") = "TeduShop.Web", "TeduShop.Web\TeduShop.Web.csproj", "{0BCA58F7-2943-4CFB-8F69-06182EEAC10A}"
EndProject
Project("{FAE04EC0-301F-11D3-BF4B-00C04F79EFBC}") = "TeduShop.UnitTest", "TeduShop.UnitTest\TeduShop.UnitTest.csproj", "{5EEEB95B-843E-40BF-A075-B98C0C88ECF1}"
EndProject
Global
	GlobalSection(SolutionConfigurationPlatforms) = preSolution
		Debug|Any CPU = Debug|Any CPU
		Release|Any CPU = Release|Any CPU
	EndGlobalSection
	GlobalSection(ProjectConfigurationPlatforms) = postSolution
		{9AAB6978-6C2A-485E-8B60-CFCE85DD1523}.Debug|Any CPU.ActiveCfg = Debug|Any CPU
		{9AAB6978-6C2A-485E-8B60-CFCE85DD1523}.Debug|Any CPU.Build.0 = Debug|Any CPU
		{9AAB6978-6C2A-485E-8B60-CFCE85DD1523}.Release|Any CPU.ActiveCfg = Release|Any CPU
		{9AAB6978-6C2A-485E-8B60-CFCE85DD1523}.Release|Any CPU.Build.0 = Release|Any CPU
		{628F922A-19A2-4807-9104-F0353ADBC2AE}.Debug|Any CPU.ActiveCfg = Debug|Any CPU
		{628F922A-19A2-4807-9104-F0353ADBC2AE}.Debug|Any CPU.Build.0 = Debug|Any CPU
		{628F922A-19A2-4807-9104-F0353ADBC2AE}.Release|Any CPU.ActiveCfg = Release|Any CPU
		{628F922A-19A2-4807-9104-F0353ADBC2AE}.Release|Any CPU.Build.0 = Release|Any CPU
		{72442930-B5B7-4D21-85D3-2A4297C753E1}.Debug|Any CPU.ActiveCfg = Debug|Any CPU
		{72442930-B5B7-4D21-85D3-2A4297C753E1}.Debug|Any CPU.Build.0 = Debug|Any CPU
		{72442930-B5B7-4D21-85D3-2A4297C753E1}.Release|Any CPU.ActiveCfg = Release|Any CPU
		{72442930-B5B7-4D21-85D3-2A4297C753E1}.Release|Any CPU.Build.0 = Release|Any CPU
		{9494C74E-AF6B-4E10-9954-015C4CE57C73}.Debug|Any CPU.ActiveCfg = Debug|Any CPU
		{9494C74E-AF6B-4E10-9954-015C4CE57C73}.Debug|Any CPU.Build.0 = Debug|Any CPU
		{9494C74E-AF6B-4E10-9954-015C4CE57C73}.Release|Any CPU.ActiveCfg = Release|Any CPU
		{9494C74E-AF6B-4E10-9954-015C4CE57C73}.Release|Any CPU.Build.0 = Release|Any CPU
		{0BCA58F7-2943-4CFB-8F69-06182EEAC10A}.Debug|Any CPU.ActiveCfg = Debug|Any CPU
		{0BCA58F7-2943-4CFB-8F69-06182EEAC10A}.Debug|Any CPU.Build.0 = Debug|Any CPU
		{0BCA58F7-2943-4CFB-8F69-06182EEAC10A}.Release|Any CPU.ActiveCfg = Release|Any CPU
		{0BCA58F7-2943-4CFB-8F69-06182EEAC10A}.Release|Any CPU.Build.0 = Release|Any CPU
		{5EEEB95B-843E-40BF-A075-B98C0C88ECF1}.Debug|Any CPU.ActiveCfg = Debug|Any CPU
		{5EEEB95B-843E-40BF-A075-B98C0C88ECF1}.Debug|Any CPU.Build.0 = Debug|Any CPU
		{5EEEB95B-843E-40BF-A075-B98C0C88ECF1}.Release|Any CPU.ActiveCfg = Release|Any CPU
		{5EEEB95B-843E-40BF-A075-B98C0C88ECF1}.Release|Any CPU.Build.0 = Release|Any CPU
	EndGlobalSection
	GlobalSection(SolutionProperties) = preSolution
		HideSolutionNode = FALSE
	EndGlobalSection
EndGlobal
